
Microsoft Visual Studio Solution File, Format Version 12.00
# Visual Studio Version 16
VisualStudioVersion = 16.0.32510.428
MinimumVisualStudioVersion = 10.0.40219.1
Project("{FAE04EC0-301F-11D3-BF4B-00C04F79EFBC}") = "AppProyectoFinal", "AppProyectoFinal\AppProyectoFinal.csproj", "{27BD26A1-F6F2-4535-A3F6-EECBD3C37F08}"
EndProject
Global
	GlobalSection(SolutionConfigurationPlatforms) = preSolution
		Debug|Any CPU = Debug|Any CPU
		Release|Any CPU = Release|Any CPU
	EndGlobalSection
	GlobalSection(ProjectConfigurationPlatforms) = postSolution
		{27BD26A1-F6F2-4535-A3F6-EECBD3C37F08}.Debug|Any CPU.ActiveCfg = Debug|Any CPU
		{27BD26A1-F6F2-4535-A3F6-EECBD3C37F08}.Debug|Any CPU.Build.0 = Debug|Any CPU
		{27BD26A1-F6F2-4535-A3F6-EECBD3C37F08}.Release|Any CPU.ActiveCfg = Release|Any CPU
		{27BD26A1-F6F2-4535-A3F6-EECBD3C37F08}.Release|Any CPU.Build.0 = Release|Any CPU
	EndGlobalSection
	GlobalSection(SolutionProperties) = preSolution
		HideSolutionNode = FALSE
	EndGlobalSection
	GlobalSection(ExtensibilityGlobals) = postSolution
		SolutionGuid = {267A8EA4-797F-4F73-937C-5B3F376809C8}
	EndGlobalSection
EndGlobal
